
Microsoft Visual Studio Solution File, Format Version 12.00
# Visual Studio 14
VisualStudioVersion = 14.0.24720.0
MinimumVisualStudioVersion = 10.0.40219.1
Project("{FAE04EC0-301F-11D3-BF4B-00C04F79EFBC}") = "Insightly-SDK", "Insightly-SDK\Insightly-SDK.csproj", "{1EF58684-A981-4685-81C8-E5E9F8564500}"
EndProject
Project("{FAE04EC0-301F-11D3-BF4B-00C04F79EFBC}") = "InsightlyTest", "InsightlyTest\InsightlyTest.csproj", "{783C534A-603D-43CF-86CA-D6B740553D27}"
EndProject
Project("{FAE04EC0-301F-11D3-BF4B-00C04F79EFBC}") = "Tagger", "Tagger\Tagger.csproj", "{60D1838C-6BEF-47BF-9530-53FDB96077B4}"
EndProject
Project("{FAE04EC0-301F-11D3-BF4B-00C04F79EFBC}") = "RigDataUpdater", "RigDataUpdater\RigDataUpdater.csproj", "{3E64008D-0F20-4D2F-959D-67CB6D8EFB3E}"
EndProject
Global
	GlobalSection(SolutionConfigurationPlatforms) = preSolution
		Debug|Any CPU = Debug|Any CPU
		Release|Any CPU = Release|Any CPU
	EndGlobalSection
	GlobalSection(ProjectConfigurationPlatforms) = postSolution
		{1EF58684-A981-4685-81C8-E5E9F8564500}.Debug|Any CPU.ActiveCfg = Debug|Any CPU
		{1EF58684-A981-4685-81C8-E5E9F8564500}.Debug|Any CPU.Build.0 = Debug|Any CPU
		{1EF58684-A981-4685-81C8-E5E9F8564500}.Release|Any CPU.ActiveCfg = Release|Any CPU
		{1EF58684-A981-4685-81C8-E5E9F8564500}.Release|Any CPU.Build.0 = Release|Any CPU
		{783C534A-603D-43CF-86CA-D6B740553D27}.Debug|Any CPU.ActiveCfg = Debug|Any CPU
		{783C534A-603D-43CF-86CA-D6B740553D27}.Debug|Any CPU.Build.0 = Debug|Any CPU
		{783C534A-603D-43CF-86CA-D6B740553D27}.Release|Any CPU.ActiveCfg = Release|Any CPU
		{783C534A-603D-43CF-86CA-D6B740553D27}.Release|Any CPU.Build.0 = Release|Any CPU
		{60D1838C-6BEF-47BF-9530-53FDB96077B4}.Debug|Any CPU.ActiveCfg = Debug|Any CPU
		{60D1838C-6BEF-47BF-9530-53FDB96077B4}.Debug|Any CPU.Build.0 = Debug|Any CPU
		{60D1838C-6BEF-47BF-9530-53FDB96077B4}.Release|Any CPU.ActiveCfg = Release|Any CPU
		{60D1838C-6BEF-47BF-9530-53FDB96077B4}.Release|Any CPU.Build.0 = Release|Any CPU
		{3E64008D-0F20-4D2F-959D-67CB6D8EFB3E}.Debug|Any CPU.ActiveCfg = Debug|Any CPU
		{3E64008D-0F20-4D2F-959D-67CB6D8EFB3E}.Debug|Any CPU.Build.0 = Debug|Any CPU
		{3E64008D-0F20-4D2F-959D-67CB6D8EFB3E}.Release|Any CPU.ActiveCfg = Release|Any CPU
		{3E64008D-0F20-4D2F-959D-67CB6D8EFB3E}.Release|Any CPU.Build.0 = Release|Any CPU
	EndGlobalSection
	GlobalSection(SolutionProperties) = preSolution
		HideSolutionNode = FALSE
	EndGlobalSection
	GlobalSection(MonoDevelopProperties) = preSolution
		StartupItem = InsightlyTest\InsightlyTest.csproj
	EndGlobalSection
EndGlobal
